// !$*UTF8*$!
{
	archiveVersion = 1;
	classes = {
	};
	objectVersion = 56;
	objects = {

/* Begin PBXBuildFile section */
		2C5678D42BDEF1E7000C6C07 /* AppDelegate.swift in Sources */ = {isa = PBXBuildFile; fileRef = 2C5678D32BDEF1E7000C6C07 /* AppDelegate.swift */; };
		2C5678D62BDEF1E7000C6C07 /* SceneDelegate.swift in Sources */ = {isa = PBXBuildFile; fileRef = 2C5678D52BDEF1E7000C6C07 /* SceneDelegate.swift */; };
		2C5678D82BDEF1E7000C6C07 /* ViewController.swift in Sources */ = {isa = PBXBuildFile; fileRef = 2C5678D72BDEF1E7000C6C07 /* ViewController.swift */; };
		2C5678DB2BDEF1E7000C6C07 /* Main.storyboard in Resources */ = {isa = PBXBuildFile; fileRef = 2C5678D92BDEF1E7000C6C07 /* Main.storyboard */; };
		2C5678DD2BDEF1E8000C6C07 /* Assets.xcassets in Resources */ = {isa = PBXBuildFile; fileRef = 2C5678DC2BDEF1E8000C6C07 /* Assets.xcassets */; };
		2C5678E02BDEF1E8000C6C07 /* LaunchScreen.storyboard in Resources */ = {isa = PBXBuildFile; fileRef = 2C5678DE2BDEF1E8000C6C07 /* LaunchScreen.storyboard */; };
		2C5678E82BDEF205000C6C07 /* CollectionViewCell.swift in Sources */ = {isa = PBXBuildFile; fileRef = 2C5678E72BDEF205000C6C07 /* CollectionViewCell.swift */; };
		2C5678EA2BDEF389000C6C07 /* Post.swift in Sources */ = {isa = PBXBuildFile; fileRef = 2C5678E92BDEF389000C6C07 /* Post.swift */; };
		2C5678EC2BDF00E8000C6C07 /* TabViewController.swift in Sources */ = {isa = PBXBuildFile; fileRef = 2C5678EB2BDF00E8000C6C07 /* TabViewController.swift */; };
		2C5678EE2BDF0101000C6C07 /* ProfileViewController.swift in Sources */ = {isa = PBXBuildFile; fileRef = 2C5678ED2BDF0101000C6C07 /* ProfileViewController.swift */; };
		2C5678F22BDF02DB000C6C07 /* SavedViewController.swift in Sources */ = {isa = PBXBuildFile; fileRef = 2C5678F12BDF02DB000C6C07 /* SavedViewController.swift */; };
/* End PBXBuildFile section */

/* Begin PBXFileReference section */
		2C5678D02BDEF1E7000C6C07 /* munch_3.app */ = {isa = PBXFileReference; explicitFileType = wrapper.application; includeInIndex = 0; path = munch_3.app; sourceTree = BUILT_PRODUCTS_DIR; };
		2C5678D32BDEF1E7000C6C07 /* AppDelegate.swift */ = {isa = PBXFileReference; lastKnownFileType = sourcecode.swift; path = AppDelegate.swift; sourceTree = "<group>"; };
		2C5678D52BDEF1E7000C6C07 /* SceneDelegate.swift */ = {isa = PBXFileReference; lastKnownFileType = sourcecode.swift; path = SceneDelegate.swift; sourceTree = "<group>"; };
		2C5678D72BDEF1E7000C6C07 /* ViewController.swift */ = {isa = PBXFileReference; lastKnownFileType = sourcecode.swift; path = ViewController.swift; sourceTree = "<group>"; };
		2C5678DA2BDEF1E7000C6C07 /* Base */ = {isa = PBXFileReference; lastKnownFileType = file.storyboard; name = Base; path = Base.lproj/Main.storyboard; sourceTree = "<group>"; };
		2C5678DC2BDEF1E8000C6C07 /* Assets.xcassets */ = {isa = PBXFileReference; lastKnownFileType = folder.assetcatalog; path = Assets.xcassets; sourceTree = "<group>"; };
		2C5678DF2BDEF1E8000C6C07 /* Base */ = {isa = PBXFileReference; lastKnownFileType = file.storyboard; name = Base; path = Base.lproj/LaunchScreen.storyboard; sourceTree = "<group>"; };
		2C5678E12BDEF1E8000C6C07 /* Info.plist */ = {isa = PBXFileReference; lastKnownFileType = text.plist.xml; path = Info.plist; sourceTree = "<group>"; };
		2C5678E72BDEF205000C6C07 /* CollectionViewCell.swift */ = {isa = PBXFileReference; lastKnownFileType = sourcecode.swift; path = CollectionViewCell.swift; sourceTree = "<group>"; };
		2C5678E92BDEF389000C6C07 /* Post.swift */ = {isa = PBXFileReference; lastKnownFileType = sourcecode.swift; path = Post.swift; sourceTree = "<group>"; };
		2C5678EB2BDF00E8000C6C07 /* TabViewController.swift */ = {isa = PBXFileReference; lastKnownFileType = sourcecode.swift; path = TabViewController.swift; sourceTree = "<group>"; };
		2C5678ED2BDF0101000C6C07 /* ProfileViewController.swift */ = {isa = PBXFileReference; lastKnownFileType = sourcecode.swift; path = ProfileViewController.swift; sourceTree = "<group>"; };
		2C5678F12BDF02DB000C6C07 /* SavedViewController.swift */ = {isa = PBXFileReference; lastKnownFileType = sourcecode.swift; path = SavedViewController.swift; sourceTree = "<group>"; };
/* End PBXFileReference section */

/* Begin PBXFrameworksBuildPhase section */
		2C5678CD2BDEF1E7000C6C07 /* Frameworks */ = {
			isa = PBXFrameworksBuildPhase;
			buildActionMask = 2147483647;
			files = (
			);
			runOnlyForDeploymentPostprocessing = 0;
		};
/* End PBXFrameworksBuildPhase section */

/* Begin PBXGroup section */
		2C5678C72BDEF1E7000C6C07 = {
			isa = PBXGroup;
			children = (
				2C5678D22BDEF1E7000C6C07 /* munch_3 */,
				2C5678D12BDEF1E7000C6C07 /* Products */,
			);
			sourceTree = "<group>";
		};
		2C5678D12BDEF1E7000C6C07 /* Products */ = {
			isa = PBXGroup;
			children = (
				2C5678D02BDEF1E7000C6C07 /* munch_3.app */,
			);
			name = Products;
			sourceTree = "<group>";
		};
		2C5678D22BDEF1E7000C6C07 /* munch_3 */ = {
			isa = PBXGroup;
			children = (
				2C5678D32BDEF1E7000C6C07 /* AppDelegate.swift */,
				2C5678D52BDEF1E7000C6C07 /* SceneDelegate.swift */,
				2C5678EF2BDF0247000C6C07 /* Controllers */,
				2C5678F02BDF0265000C6C07 /* Model */,
				2C5678D92BDEF1E7000C6C07 /* Main.storyboard */,
				2C5678E72BDEF205000C6C07 /* CollectionViewCell.swift */,
				2C5678DC2BDEF1E8000C6C07 /* Assets.xcassets */,
				2C5678DE2BDEF1E8000C6C07 /* LaunchScreen.storyboard */,
				2C5678E12BDEF1E8000C6C07 /* Info.plist */,
			);
			path = munch_3;
			sourceTree = "<group>";
		};
		2C5678EF2BDF0247000C6C07 /* Controllers */ = {
			isa = PBXGroup;
			children = (
				2C5678D72BDEF1E7000C6C07 /* ViewController.swift */,
				2C5678ED2BDF0101000C6C07 /* ProfileViewController.swift */,
				2C5678EB2BDF00E8000C6C07 /* TabViewController.swift */,
				2C5678F12BDF02DB000C6C07 /* SavedViewController.swift */,
			);
			path = Controllers;
			sourceTree = "<group>";
		};
		2C5678F02BDF0265000C6C07 /* Model */ = {
			isa = PBXGroup;
			children = (
				2C5678E92BDEF389000C6C07 /* Post.swift */,
			);
			path = Model;
			sourceTree = "<group>";
		};
/* End PBXGroup section */

/* Begin PBXNativeTarget section */
		2C5678CF2BDEF1E7000C6C07 /* munch_3 */ = {
			isa = PBXNativeTarget;
			buildConfigurationList = 2C5678E42BDEF1E8000C6C07 /* Build configuration list for PBXNativeTarget "munch_3" */;
			buildPhases = (
				2C5678CC2BDEF1E7000C6C07 /* Sources */,
				2C5678CD2BDEF1E7000C6C07 /* Frameworks */,
				2C5678CE2BDEF1E7000C6C07 /* Resources */,
			);
			buildRules = (
			);
			dependencies = (
			);
			name = munch_3;
			productName = munch_3;
			productReference = 2C5678D02BDEF1E7000C6C07 /* munch_3.app */;
			productType = "com.apple.product-type.application";
		};
/* End PBXNativeTarget section */

/* Begin PBXProject section */
		2C5678C82BDEF1E7000C6C07 /* Project object */ = {
			isa = PBXProject;
			attributes = {
				BuildIndependentTargetsInParallel = 1;
				LastSwiftUpdateCheck = 1430;
				LastUpgradeCheck = 1430;
				TargetAttributes = {
					2C5678CF2BDEF1E7000C6C07 = {
						CreatedOnToolsVersion = 14.3.1;
					};
				};
			};
			buildConfigurationList = 2C5678CB2BDEF1E7000C6C07 /* Build configuration list for PBXProject "munch_3" */;
			compatibilityVersion = "Xcode 14.0";
			developmentRegion = en;
			hasScannedForEncodings = 0;
			knownRegions = (
				en,
				Base,
			);
			mainGroup = 2C5678C72BDEF1E7000C6C07;
			productRefGroup = 2C5678D12BDEF1E7000C6C07 /* Products */;
			projectDirPath = "";
			projectRoot = "";
			targets = (
				2C5678CF2BDEF1E7000C6C07 /* munch_3 */,
			);
		};
/* End PBXProject section */

/* Begin PBXResourcesBuildPhase section */
		2C5678CE2BDEF1E7000C6C07 /* Resources */ = {
			isa = PBXResourcesBuildPhase;
			buildActionMask = 2147483647;
			files = (
				2C5678E02BDEF1E8000C6C07 /* LaunchScreen.storyboard in Resources */,
				2C5678DD2BDEF1E8000C6C07 /* Assets.xcassets in Resources */,
				2C5678DB2BDEF1E7000C6C07 /* Main.storyboard in Resources */,
			);
			runOnlyForDeploymentPostprocessing = 0;
		};
/* End PBXResourcesBuildPhase section */

/* Begin PBXSourcesBuildPhase section */
		2C5678CC2BDEF1E7000C6C07 /* Sources */ = {
			isa = PBXSourcesBuildPhase;
			buildActionMask = 2147483647;
			files = (
				2C5678EC2BDF00E8000C6C07 /* TabViewController.swift in Sources */,
				2C5678D82BDEF1E7000C6C07 /* ViewController.swift in Sources */,
				2C5678D42BDEF1E7000C6C07 /* AppDelegate.swift in Sources */,
				2C5678E82BDEF205000C6C07 /* CollectionViewCell.swift in Sources */,
				2C5678EE2BDF0101000C6C07 /* ProfileViewController.swift in Sources */,
				2C5678D62BDEF1E7000C6C07 /* SceneDelegate.swift in Sources */,
				2C5678F22BDF02DB000C6C07 /* SavedViewController.swift in Sources */,
				2C5678EA2BDEF389000C6C07 /* Post.swift in Sources */,
			);
			runOnlyForDeploymentPostprocessing = 0;
		};
/* End PBXSourcesBuildPhase section */

/* Begin PBXVariantGroup section */
		2C5678D92BDEF1E7000C6C07 /* Main.storyboard */ = {
			isa = PBXVariantGroup;
			children = (
				2C5678DA2BDEF1E7000C6C07 /* Base */,
			);
			name = Main.storyboard;
			sourceTree = "<group>";
		};
		2C5678DE2BDEF1E8000C6C07 /* LaunchScreen.storyboard */ = {
			isa = PBXVariantGroup;
			children = (
				2C5678DF2BDEF1E8000C6C07 /* Base */,
			);
			name = LaunchScreen.storyboard;
			sourceTree = "<group>";
		};
/* End PBXVariantGroup section */

/* Begin XCBuildConfiguration section */
		2C5678E22BDEF1E8000C6C07 /* Debug */ = {
			isa = XCBuildConfiguration;
			buildSettings = {
				ALWAYS_SEARCH_USER_PATHS = NO;
				CLANG_ANALYZER_NONNULL = YES;
				CLANG_ANALYZER_NUMBER_OBJECT_CONVERSION = YES_AGGRESSIVE;
				CLANG_CXX_LANGUAGE_STANDARD = "gnu++20";
				CLANG_ENABLE_MODULES = YES;
				CLANG_ENABLE_OBJC_ARC = YES;
				CLANG_ENABLE_OBJC_WEAK = YES;
				CLANG_WARN_BLOCK_CAPTURE_AUTORELEASING = YES;
				CLANG_WARN_BOOL_CONVERSION = YES;
				CLANG_WARN_COMMA = YES;
				CLANG_WARN_CONSTANT_CONVERSION = YES;
				CLANG_WARN_DEPRECATED_OBJC_IMPLEMENTATIONS = YES;
				CLANG_WARN_DIRECT_OBJC_ISA_USAGE = YES_ERROR;
				CLANG_WARN_DOCUMENTATION_COMMENTS = YES;
				CLANG_WARN_EMPTY_BODY = YES;
				CLANG_WARN_ENUM_CONVERSION = YES;
				CLANG_WARN_INFINITE_RECURSION = YES;
				CLANG_WARN_INT_CONVERSION = YES;
				CLANG_WARN_NON_LITERAL_NULL_CONVERSION = YES;
				CLANG_WARN_OBJC_IMPLICIT_RETAIN_SELF = YES;
				CLANG_WARN_OBJC_LITERAL_CONVERSION = YES;
				CLANG_WARN_OBJC_ROOT_CLASS = YES_ERROR;
				CLANG_WARN_QUOTED_INCLUDE_IN_FRAMEWORK_HEADER = YES;
				CLANG_WARN_RANGE_LOOP_ANALYSIS = YES;
				CLANG_WARN_STRICT_PROTOTYPES = YES;
				CLANG_WARN_SUSPICIOUS_MOVE = YES;
				CLANG_WARN_UNGUARDED_AVAILABILITY = YES_AGGRESSIVE;
				CLANG_WARN_UNREACHABLE_CODE = YES;
				CLANG_WARN__DUPLICATE_METHOD_MATCH = YES;
				COPY_PHASE_STRIP = NO;
				DEBUG_INFORMATION_FORMAT = dwarf;
				ENABLE_STRICT_OBJC_MSGSEND = YES;
				ENABLE_TESTABILITY = YES;
				GCC_C_LANGUAGE_STANDARD = gnu11;
				GCC_DYNAMIC_NO_PIC = NO;
				GCC_NO_COMMON_BLOCKS = YES;
				GCC_OPTIMIZATION_LEVEL = 0;
				GCC_PREPROCESSOR_DEFINITIONS = (
					"DEBUG=1",
					"$(inherited)",
				);
				GCC_WARN_64_TO_32_BIT_CONVERSION = YES;
				GCC_WARN_ABOUT_RETURN_TYPE = YES_ERROR;
				GCC_WARN_UNDECLARED_SELECTOR = YES;
				GCC_WARN_UNINITIALIZED_AUTOS = YES_AGGRESSIVE;
				GCC_WARN_UNUSED_FUNCTION = YES;
				GCC_WARN_UNUSED_VARIABLE = YES;
				IPHONEOS_DEPLOYMENT_TARGET = 16.4;
				MTL_ENABLE_DEBUG_INFO = INCLUDE_SOURCE;
				MTL_FAST_MATH = YES;
				ONLY_ACTIVE_ARCH = YES;
				SDKROOT = iphoneos;
				SWIFT_ACTIVE_COMPILATION_CONDITIONS = DEBUG;
				SWIFT_OPTIMIZATION_LEVEL = "-Onone";
			};
			name = Debug;
		};
		2C5678E32BDEF1E8000C6C07 /* Release */ = {
			isa = XCBuildConfiguration;
			buildSettings = {
				ALWAYS_SEARCH_USER_PATHS = NO;
				CLANG_ANALYZER_NONNULL = YES;
				CLANG_ANALYZER_NUMBER_OBJECT_CONVERSION = YES_AGGRESSIVE;
				CLANG_CXX_LANGUAGE_STANDARD = "gnu++20";
				CLANG_ENABLE_MODULES = YES;
				CLANG_ENABLE_OBJC_ARC = YES;
				CLANG_ENABLE_OBJC_WEAK = YES;
				CLANG_WARN_BLOCK_CAPTURE_AUTORELEASING = YES;
				CLANG_WARN_BOOL_CONVERSION = YES;
				CLANG_WARN_COMMA = YES;
				CLANG_WARN_CONSTANT_CONVERSION = YES;
				CLANG_WARN_DEPRECATED_OBJC_IMPLEMENTATIONS = YES;
				CLANG_WARN_DIRECT_OBJC_ISA_USAGE = YES_ERROR;
				CLANG_WARN_DOCUMENTATION_COMMENTS = YES;
				CLANG_WARN_EMPTY_BODY = YES;
				CLANG_WARN_ENUM_CONVERSION = YES;
				CLANG_WARN_INFINITE_RECURSION = YES;
				CLANG_WARN_INT_CONVERSION = YES;
				CLANG_WARN_NON_LITERAL_NULL_CONVERSION = YES;
				CLANG_WARN_OBJC_IMPLICIT_RETAIN_SELF = YES;
				CLANG_WARN_OBJC_LITERAL_CONVERSION = YES;
				CLANG_WARN_OBJC_ROOT_CLASS = YES_ERROR;
				CLANG_WARN_QUOTED_INCLUDE_IN_FRAMEWORK_HEADER = YES;
				CLANG_WARN_RANGE_LOOP_ANALYSIS = YES;
				CLANG_WARN_STRICT_PROTOTYPES = YES;
				CLANG_WARN_SUSPICIOUS_MOVE = YES;
				CLANG_WARN_UNGUARDED_AVAILABILITY = YES_AGGRESSIVE;
				CLANG_WARN_UNREACHABLE_CODE = YES;
				CLANG_WARN__DUPLICATE_METHOD_MATCH = YES;
				COPY_PHASE_STRIP = NO;
				DEBUG_INFORMATION_FORMAT = "dwarf-with-dsym";
				ENABLE_NS_ASSERTIONS = NO;
				ENABLE_STRICT_OBJC_MSGSEND = YES;
				GCC_C_LANGUAGE_STANDARD = gnu11;
				GCC_NO_COMMON_BLOCKS = YES;
				GCC_WARN_64_TO_32_BIT_CONVERSION = YES;
				GCC_WARN_ABOUT_RETURN_TYPE = YES_ERROR;
				GCC_WARN_UNDECLARED_SELECTOR = YES;
				GCC_WARN_UNINITIALIZED_AUTOS = YES_AGGRESSIVE;
				GCC_WARN_UNUSED_FUNCTION = YES;
				GCC_WARN_UNUSED_VARIABLE = YES;
				IPHONEOS_DEPLOYMENT_TARGET = 16.4;
				MTL_ENABLE_DEBUG_INFO = NO;
				MTL_FAST_MATH = YES;
				SDKROOT = iphoneos;
				SWIFT_COMPILATION_MODE = wholemodule;
				SWIFT_OPTIMIZATION_LEVEL = "-O";
				VALIDATE_PRODUCT = YES;
			};
			name = Release;
		};
		2C5678E52BDEF1E8000C6C07 /* Debug */ = {
			isa = XCBuildConfiguration;
			buildSettings = {
				ASSETCATALOG_COMPILER_APPICON_NAME = AppIcon;
				ASSETCATALOG_COMPILER_GLOBAL_ACCENT_COLOR_NAME = AccentColor;
				CODE_SIGN_STYLE = Automatic;
				CURRENT_PROJECT_VERSION = 1;
				GENERATE_INFOPLIST_FILE = YES;
				INFOPLIST_FILE = munch_3/Info.plist;
				INFOPLIST_KEY_UIApplicationSupportsIndirectInputEvents = YES;
				INFOPLIST_KEY_UILaunchStoryboardName = LaunchScreen;
				INFOPLIST_KEY_UIMainStoryboardFile = Main;
				INFOPLIST_KEY_UISupportedInterfaceOrientations_iPad = "UIInterfaceOrientationPortrait UIInterfaceOrientationPortraitUpsideDown UIInterfaceOrientationLandscapeLeft UIInterfaceOrientationLandscapeRight";
				INFOPLIST_KEY_UISupportedInterfaceOrientations_iPhone = "UIInterfaceOrientationPortrait UIInterfaceOrientationLandscapeLeft UIInterfaceOrientationLandscapeRight";
				LD_RUNPATH_SEARCH_PATHS = (
					"$(inherited)",
					"@executable_path/Frameworks",
				);
				MARKETING_VERSION = 1.0;
				PRODUCT_BUNDLE_IDENTIFIER = "angelinaa-chen.munch-3";
				PRODUCT_NAME = "$(TARGET_NAME)";
				SWIFT_EMIT_LOC_STRINGS = YES;
				SWIFT_VERSION = 5.0;
				TARGETED_DEVICE_FAMILY = "1,2";
			};
			name = Debug;
		};
		2C5678E62BDEF1E8000C6C07 /* Release */ = {
			isa = XCBuildConfiguration;
			buildSettings = {
				ASSETCATALOG_COMPILER_APPICON_NAME = AppIcon;
				ASSETCATALOG_COMPILER_GLOBAL_ACCENT_COLOR_NAME = AccentColor;
				CODE_SIGN_STYLE = Automatic;
				CURRENT_PROJECT_VERSION = 1;
				GENERATE_INFOPLIST_FILE = YES;
				INFOPLIST_FILE = munch_3/Info.plist;
				INFOPLIST_KEY_UIApplicationSupportsIndirectInputEvents = YES;
				INFOPLIST_KEY_UILaunchStoryboardName = LaunchScreen;
				INFOPLIST_KEY_UIMainStoryboardFile = Main;
				INFOPLIST_KEY_UISupportedInterfaceOrientations_iPad = "UIInterfaceOrientationPortrait UIInterfaceOrientationPortraitUpsideDown UIInterfaceOrientationLandscapeLeft UIInterfaceOrientationLandscapeRight";
				INFOPLIST_KEY_UISupportedInterfaceOrientations_iPhone = "UIInterfaceOrientationPortrait UIInterfaceOrientationLandscapeLeft UIInterfaceOrientationLandscapeRight";
				LD_RUNPATH_SEARCH_PATHS = (
					"$(inherited)",
					"@executable_path/Frameworks",
				);
				MARKETING_VERSION = 1.0;
				PRODUCT_BUNDLE_IDENTIFIER = "angelinaa-chen.munch-3";
				PRODUCT_NAME = "$(TARGET_NAME)";
				SWIFT_EMIT_LOC_STRINGS = YES;
				SWIFT_VERSION = 5.0;
				TARGETED_DEVICE_FAMILY = "1,2";
			};
			name = Release;
		};
/* End XCBuildConfiguration section */

/* Begin XCConfigurationList section */
		2C5678CB2BDEF1E7000C6C07 /* Build configuration list for PBXProject "munch_3" */ = {
			isa = XCConfigurationList;
			buildConfigurations = (
				2C5678E22BDEF1E8000C6C07 /* Debug */,
				2C5678E32BDEF1E8000C6C07 /* Release */,
			);
			defaultConfigurationIsVisible = 0;
			defaultConfigurationName = Release;
		};
		2C5678E42BDEF1E8000C6C07 /* Build configuration list for PBXNativeTarget "munch_3" */ = {
			isa = XCConfigurationList;
			buildConfigurations = (
				2C5678E52BDEF1E8000C6C07 /* Debug */,
				2C5678E62BDEF1E8000C6C07 /* Release */,
			);
			defaultConfigurationIsVisible = 0;
			defaultConfigurationName = Release;
		};
/* End XCConfigurationList section */
	};
	rootObject = 2C5678C82BDEF1E7000C6C07 /* Project object */;
}
